{
  "name": "@gavinsykes_uk/react-filtered-list",
  "version": "0.1.0",
  "lockfileVersion": 3,
  "requires": true,
  "packages": {
    "": {
      "name": "@gavinsykes_uk/react-filtered-list",
      "version": "0.1.0",
      "license": "MIT",
      "devDependencies": {
        "@types/react": "^18.2.33",
        "@types/react-dom": "^18.2.14",
        "react": "^18.2.0",
        "react-dom": "^18.2.0",
        "typedoc": "^0.25.3",
        "typescript": "^5.2.2"
      },
      "peerDependencies": {
        "react": ">18",
        "react-dom": ">18"
      }
    },
    "node_modules/@types/prop-types": {
      "version": "15.7.9",
      "resolved": "https://registry.npmjs.org/@types/prop-types/-/prop-types-15.7.9.tgz",
      "integrity": "sha512-n1yyPsugYNSmHgxDFjicaI2+gCNjsBck8UX9kuofAKlc0h1bL+20oSF72KeNaW2DUlesbEVCFgyV2dPGTiY42g==",
      "dev": true
    },
    "node_modules/@types/react": {
      "version": "18.2.33",
      "resolved": "https://registry.npmjs.org/@types/react/-/react-18.2.33.tgz",
      "integrity": "sha512-v+I7S+hu3PIBoVkKGpSYYpiBT1ijqEzWpzQD62/jm4K74hPpSP7FF9BnKG6+fg2+62weJYkkBWDJlZt5JO/9hg==",
      "dev": true,
      "dependencies": {
        "@types/prop-types": "*",
        "@types/scheduler": "*",
        "csstype": "^3.0.2"
      }
    },
    "node_modules/@types/react-dom": {
      "version": "18.2.14",
      "resolved": "https://registry.npmjs.org/@types/react-dom/-/react-dom-18.2.14.tgz",
      "integrity": "sha512-V835xgdSVmyQmI1KLV2BEIUgqEuinxp9O4G6g3FqO/SqLac049E53aysv0oEFD2kHfejeKU+ZqL2bcFWj9gLAQ==",
      "dev": true,
      "dependencies": {
        "@types/react": "*"
      }
    },
    "node_modules/@types/scheduler": {
      "version": "0.16.5",
      "resolved": "https://registry.npmjs.org/@types/scheduler/-/scheduler-0.16.5.tgz",
      "integrity": "sha512-s/FPdYRmZR8SjLWGMCuax7r3qCWQw9QKHzXVukAuuIJkXkDRwp+Pu5LMIVFi0Fxbav35WURicYr8u1QsoybnQw==",
      "dev": true
    },
    "node_modules/ansi-sequence-parser": {
      "version": "1.1.1",
      "resolved": "https://registry.npmjs.org/ansi-sequence-parser/-/ansi-sequence-parser-1.1.1.tgz",
      "integrity": "sha512-vJXt3yiaUL4UU546s3rPXlsry/RnM730G1+HkpKE012AN0sx1eOrxSu95oKDIonskeLTijMgqWZ3uDEe3NFvyg==",
      "dev": true
    },
    "node_modules/balanced-match": {
      "version": "1.0.2",
      "resolved": "https://registry.npmjs.org/balanced-match/-/balanced-match-1.0.2.tgz",
      "integrity": "sha512-3oSeUO0TMV67hN1AmbXsK4yaqU7tjiHlbxRDZOpH0KW9+CeX4bRAaX0Anxt0tx2MrpRpWwQaPwIlISEJhYU5Pw==",
      "dev": true
    },
    "node_modules/brace-expansion": {
      "version": "2.0.1",
      "resolved": "https://registry.npmjs.org/brace-expansion/-/brace-expansion-2.0.1.tgz",
      "integrity": "sha512-XnAIvQ8eM+kC6aULx6wuQiwVsnzsi9d3WxzV3FpWTGA19F621kwdbsAcFKXgKUHZWsy+mY6iL1sHTxWEFCytDA==",
      "dev": true,
      "dependencies": {
        "balanced-match": "^1.0.0"
      }
    },
    "node_modules/csstype": {
      "version": "3.1.2",
      "resolved": "https://registry.npmjs.org/csstype/-/csstype-3.1.2.tgz",
      "integrity": "sha512-I7K1Uu0MBPzaFKg4nI5Q7Vs2t+3gWWW648spaF+Rg7pI9ds18Ugn+lvg4SHczUdKlHI5LWBXyqfS8+DufyBsgQ==",
      "dev": true
    },
    "node_modules/js-tokens": {
      "version": "4.0.0",
      "resolved": "https://registry.npmjs.org/js-tokens/-/js-tokens-4.0.0.tgz",
      "integrity": "sha512-RdJUflcE3cUzKiMqQgsCu06FPu9UdIJO0beYbPhHN4k6apgJtifcoCtT9bcxOpYBtpD2kCM6Sbzg4CausW/PKQ==",
      "dev": true
    },
    "node_modules/jsonc-parser": {
      "version": "3.2.0",
      "resolved": "https://registry.npmjs.org/jsonc-parser/-/jsonc-parser-3.2.0.tgz",
      "integrity": "sha512-gfFQZrcTc8CnKXp6Y4/CBT3fTc0OVuDofpre4aEeEpSBPV5X5v4+Vmx+8snU7RLPrNHPKSgLxGo9YuQzz20o+w==",
      "dev": true
    },
    "node_modules/loose-envify": {
      "version": "1.4.0",
      "resolved": "https://registry.npmjs.org/loose-envify/-/loose-envify-1.4.0.tgz",
      "integrity": "sha512-lyuxPGr/Wfhrlem2CL/UcnUc1zcqKAImBDzukY7Y5F/yQiNdko6+fRLevlw1HgMySw7f611UIY408EtxRSoK3Q==",
      "dev": true,
      "dependencies": {
        "js-tokens": "^3.0.0 || ^4.0.0"
      },
      "bin": {
        "loose-envify": "cli.js"
      }
    },
    "node_modules/lunr": {
      "version": "2.3.9",
      "resolved": "https://registry.npmjs.org/lunr/-/lunr-2.3.9.tgz",
      "integrity": "sha512-zTU3DaZaF3Rt9rhN3uBMGQD3dD2/vFQqnvZCDv4dl5iOzq2IZQqTxu90r4E5J+nP70J3ilqVCrbho2eWaeW8Ow==",
      "dev": true
    },
    "node_modules/marked": {
      "version": "4.3.0",
      "resolved": "https://registry.npmjs.org/marked/-/marked-4.3.0.tgz",
      "integrity": "sha512-PRsaiG84bK+AMvxziE/lCFss8juXjNaWzVbN5tXAm4XjeaS9NAHhop+PjQxz2A9h8Q4M/xGmzP8vqNwy6JeK0A==",
      "dev": true,
      "bin": {
        "marked": "bin/marked.js"
      },
      "engines": {
        "node": ">= 12"
      }
    },
    "node_modules/minimatch": {
      "version": "9.0.3",
      "resolved": "https://registry.npmjs.org/minimatch/-/minimatch-9.0.3.tgz",
      "integrity": "sha512-RHiac9mvaRw0x3AYRgDC1CxAP7HTcNrrECeA8YYJeWnpo+2Q5CegtZjaotWTWxDG3UeGA1coE05iH1mPjT/2mg==",
      "dev": true,
      "dependencies": {
        "brace-expansion": "^2.0.1"
      },
      "engines": {
        "node": ">=16 || 14 >=14.17"
      },
      "funding": {
        "url": "https://github.com/sponsors/isaacs"
      }
    },
    "node_modules/react": {
      "version": "18.2.0",
      "resolved": "https://registry.npmjs.org/react/-/react-18.2.0.tgz",
      "integrity": "sha512-/3IjMdb2L9QbBdWiW5e3P2/npwMBaU9mHCSCUzNln0ZCYbcfTsGbTJrU/kGemdH2IWmB2ioZ+zkxtmq6g09fGQ==",
      "dev": true,
      "dependencies": {
        "loose-envify": "^1.1.0"
      },
      "engines": {
        "node": ">=0.10.0"
      }
    },
    "node_modules/react-dom": {
      "version": "18.2.0",
      "resolved": "https://registry.npmjs.org/react-dom/-/react-dom-18.2.0.tgz",
      "integrity": "sha512-6IMTriUmvsjHUjNtEDudZfuDQUoWXVxKHhlEGSk81n4YFS+r/Kl99wXiwlVXtPBtJenozv2P+hxDsw9eA7Xo6g==",
      "dev": true,
      "dependencies": {
        "loose-envify": "^1.1.0",
        "scheduler": "^0.23.0"
      },
      "peerDependencies": {
        "react": "^18.2.0"
      }
    },
    "node_modules/scheduler": {
      "version": "0.23.0",
      "resolved": "https://registry.npmjs.org/scheduler/-/scheduler-0.23.0.tgz",
      "integrity": "sha512-CtuThmgHNg7zIZWAXi3AsyIzA3n4xx7aNyjwC2VJldO2LMVDhFK+63xGqq6CsJH4rTAt6/M+N4GhZiDYPx9eUw==",
      "dev": true,
      "dependencies": {
        "loose-envify": "^1.1.0"
      }
    },
    "node_modules/shiki": {
      "version": "0.14.5",
      "resolved": "https://registry.npmjs.org/shiki/-/shiki-0.14.5.tgz",
      "integrity": "sha512-1gCAYOcmCFONmErGTrS1fjzJLA7MGZmKzrBNX7apqSwhyITJg2O102uFzXUeBxNnEkDA9vHIKLyeKq0V083vIw==",
      "dev": true,
      "dependencies": {
        "ansi-sequence-parser": "^1.1.0",
        "jsonc-parser": "^3.2.0",
        "vscode-oniguruma": "^1.7.0",
        "vscode-textmate": "^8.0.0"
      }
    },
    "node_modules/typedoc": {
      "version": "0.25.3",
      "resolved": "https://registry.npmjs.org/typedoc/-/typedoc-0.25.3.tgz",
      "integrity": "sha512-Ow8Bo7uY1Lwy7GTmphRIMEo6IOZ+yYUyrc8n5KXIZg1svpqhZSWgni2ZrDhe+wLosFS8yswowUzljTAV/3jmWw==",
      "dev": true,
      "dependencies": {
        "lunr": "^2.3.9",
        "marked": "^4.3.0",
        "minimatch": "^9.0.3",
        "shiki": "^0.14.1"
      },
      "bin": {
        "typedoc": "bin/typedoc"
      },
      "engines": {
        "node": ">= 16"
      },
      "peerDependencies": {
        "typescript": "4.6.x || 4.7.x || 4.8.x || 4.9.x || 5.0.x || 5.1.x || 5.2.x"
      }
    },
    "node_modules/typescript": {
      "version": "5.2.2",
      "resolved": "https://registry.npmjs.org/typescript/-/typescript-5.2.2.tgz",
      "integrity": "sha512-mI4WrpHsbCIcwT9cF4FZvr80QUeKvsUsUvKDoR+X/7XHQH98xYD8YHZg7ANtz2GtZt/CBq2QJ0thkGJMHfqc1w==",
      "dev": true,
      "bin": {
        "tsc": "bin/tsc",
        "tsserver": "bin/tsserver"
      },
      "engines": {
        "node": ">=14.17"
      }
    },
    "node_modules/vscode-oniguruma": {
      "version": "1.7.0",
      "resolved": "https://registry.npmjs.org/vscode-oniguruma/-/vscode-oniguruma-1.7.0.tgz",
      "integrity": "sha512-L9WMGRfrjOhgHSdOYgCt/yRMsXzLDJSL7BPrOZt73gU0iWO4mpqzqQzOz5srxqTvMBaR0XZTSrVWo4j55Rc6cA==",
      "dev": true
    },
    "node_modules/vscode-textmate": {
      "version": "8.0.0",
      "resolved": "https://registry.npmjs.org/vscode-textmate/-/vscode-textmate-8.0.0.tgz",
      "integrity": "sha512-AFbieoL7a5LMqcnOF04ji+rpXadgOXnZsxQr//r83kLPr7biP7am3g9zbaZIaBGwBRWeSvoMD4mgPdX3e4NWBg==",
      "dev": true
    }
  }
}
